
Microsoft Visual Studio Solution File, Format Version 12.00
# Visual Studio Version 17
VisualStudioVersion = 17.5.33530.505
MinimumVisualStudioVersion = 10.0.40219.1
Project("{8BC9CEB8-8B4A-11D0-8D11-00A0C91BC942}") = "DirectXGame", "DirectXGame.vcxproj", "{AE9D7E8A-24B2-44E3-8B1B-069D26DA4C08}"
EndProject
Project("{2150E333-8FDC-42A3-9474-1A3956D46DE8}") = "ソリューション項目", "ソリューション項目", "{42878015-67C8-4139-97C4-75066C04CC4C}"
	ProjectSection(SolutionItems) = preProject
		.editorconfig = .editorconfig
		TextFile1.txt = TextFile1.txt
	EndProjectSection
EndProject
Global
	GlobalSection(SolutionConfigurationPlatforms) = preSolution
		Debug|x64 = Debug|x64
		Release|x64 = Release|x64
	EndGlobalSection
	GlobalSection(ProjectConfigurationPlatforms) = postSolution
		{AE9D7E8A-24B2-44E3-8B1B-069D26DA4C08}.Debug|x64.ActiveCfg = Debug|x64
		{AE9D7E8A-24B2-44E3-8B1B-069D26DA4C08}.Debug|x64.Build.0 = Debug|x64
		{AE9D7E8A-24B2-44E3-8B1B-069D26DA4C08}.Release|x64.ActiveCfg = Release|x64
		{AE9D7E8A-24B2-44E3-8B1B-069D26DA4C08}.Release|x64.Build.0 = Release|x64
	EndGlobalSection
	GlobalSection(SolutionProperties) = preSolution
		HideSolutionNode = FALSE
	EndGlobalSection
	GlobalSection(ExtensibilityGlobals) = postSolution
		SolutionGuid = {4CE184FD-5EB4-47AF-AADB-C19B851846CD}
	EndGlobalSection
EndGlobal
